// !$*UTF8*$!
{
	archiveVersion = 1;
	classes = {
	};
	objectVersion = 46;
	objects = {

/* Begin PBXBuildFile section */
		E2697E9C15F863BB00B6BF96 /* UIKit.framework in Frameworks */ = {isa = PBXBuildFile; fileRef = E2697E9B15F863BB00B6BF96 /* UIKit.framework */; };
		E2697E9E15F863BB00B6BF96 /* Foundation.framework in Frameworks */ = {isa = PBXBuildFile; fileRef = E2697E9D15F863BB00B6BF96 /* Foundation.framework */; };
		E2697EA015F863BB00B6BF96 /* CoreGraphics.framework in Frameworks */ = {isa = PBXBuildFile; fileRef = E2697E9F15F863BB00B6BF96 /* CoreGraphics.framework */; };
		E2697EA615F863BB00B6BF96 /* InfoPlist.strings in Resources */ = {isa = PBXBuildFile; fileRef = E2697EA415F863BB00B6BF96 /* InfoPlist.strings */; };
		E2697EA815F863BB00B6BF96 /* main.m in Sources */ = {isa = PBXBuildFile; fileRef = E2697EA715F863BB00B6BF96 /* main.m */; };
		E2697EAC15F863BB00B6BF96 /* AppDelegate.m in Sources */ = {isa = PBXBuildFile; fileRef = E2697EAB15F863BB00B6BF96 /* AppDelegate.m */; };
		E2697EAF15F863BB00B6BF96 /* MainStoryboard_iPhone.storyboard in Resources */ = {isa = PBXBuildFile; fileRef = E2697EAD15F863BB00B6BF96 /* MainStoryboard_iPhone.storyboard */; };
		E2697EB515F863BB00B6BF96 /* ViewController.m in Sources */ = {isa = PBXBuildFile; fileRef = E2697EB415F863BB00B6BF96 /* ViewController.m */; };
		E2697EBC15F8647200B6BF96 /* MapKit.framework in Frameworks */ = {isa = PBXBuildFile; fileRef = E2697EBB15F8647200B6BF96 /* MapKit.framework */; };
		E2A8222516027CEF008CAF52 /* Default@2x.png in Resources */ = {isa = PBXBuildFile; fileRef = E2A8222416027CEF008CAF52 /* Default@2x.png */; };
		E2A8222716027D69008CAF52 /* Default.png in Resources */ = {isa = PBXBuildFile; fileRef = E2A8222616027D69008CAF52 /* Default.png */; };
		E2C78CBA15FFA24A006601FE /* CoreLocation.framework in Frameworks */ = {isa = PBXBuildFile; fileRef = E2C78CB915FFA24A006601FE /* CoreLocation.framework */; };
/* End PBXBuildFile section */

/* Begin PBXFileReference section */
		E2697E9715F863BB00B6BF96 /* MapARun.app */ = {isa = PBXFileReference; explicitFileType = wrapper.application; includeInIndex = 0; path = MapARun.app; sourceTree = BUILT_PRODUCTS_DIR; };
		E2697E9B15F863BB00B6BF96 /* UIKit.framework */ = {isa = PBXFileReference; lastKnownFileType = wrapper.framework; name = UIKit.framework; path = System/Library/Frameworks/UIKit.framework; sourceTree = SDKROOT; };
		E2697E9D15F863BB00B6BF96 /* Foundation.framework */ = {isa = PBXFileReference; lastKnownFileType = wrapper.framework; name = Foundation.framework; path = System/Library/Frameworks/Foundation.framework; sourceTree = SDKROOT; };
		E2697E9F15F863BB00B6BF96 /* CoreGraphics.framework */ = {isa = PBXFileReference; lastKnownFileType = wrapper.framework; name = CoreGraphics.framework; path = System/Library/Frameworks/CoreGraphics.framework; sourceTree = SDKROOT; };
		E2697EA315F863BB00B6BF96 /* MapARun-Info.plist */ = {isa = PBXFileReference; lastKnownFileType = text.plist.xml; path = "MapARun-Info.plist"; sourceTree = "<group>"; };
		E2697EA515F863BB00B6BF96 /* en */ = {isa = PBXFileReference; lastKnownFileType = text.plist.strings; name = en; path = en.lproj/InfoPlist.strings; sourceTree = "<group>"; };
		E2697EA715F863BB00B6BF96 /* main.m */ = {isa = PBXFileReference; lastKnownFileType = sourcecode.c.objc; path = main.m; sourceTree = "<group>"; };
		E2697EA915F863BB00B6BF96 /* MapARun-Prefix.pch */ = {isa = PBXFileReference; lastKnownFileType = sourcecode.c.h; path = "MapARun-Prefix.pch"; sourceTree = "<group>"; };
		E2697EAA15F863BB00B6BF96 /* AppDelegate.h */ = {isa = PBXFileReference; lastKnownFileType = sourcecode.c.h; path = AppDelegate.h; sourceTree = "<group>"; };
		E2697EAB15F863BB00B6BF96 /* AppDelegate.m */ = {isa = PBXFileReference; lastKnownFileType = sourcecode.c.objc; path = AppDelegate.m; sourceTree = "<group>"; };
		E2697EAE15F863BB00B6BF96 /* en */ = {isa = PBXFileReference; lastKnownFileType = file.storyboard; name = en; path = en.lproj/MainStoryboard_iPhone.storyboard; sourceTree = "<group>"; };
		E2697EB315F863BB00B6BF96 /* ViewController.h */ = {isa = PBXFileReference; lastKnownFileType = sourcecode.c.h; path = ViewController.h; sourceTree = "<group>"; };
		E2697EB415F863BB00B6BF96 /* ViewController.m */ = {isa = PBXFileReference; lastKnownFileType = sourcecode.c.objc; path = ViewController.m; sourceTree = "<group>"; };
		E2697EBB15F8647200B6BF96 /* MapKit.framework */ = {isa = PBXFileReference; lastKnownFileType = wrapper.framework; name = MapKit.framework; path = System/Library/Frameworks/MapKit.framework; sourceTree = SDKROOT; };
		E2A8222416027CEF008CAF52 /* Default@2x.png */ = {isa = PBXFileReference; lastKnownFileType = image.png; name = "Default@2x.png"; path = "../Default@2x.png"; sourceTree = "<group>"; };
		E2A8222616027D69008CAF52 /* Default.png */ = {isa = PBXFileReference; lastKnownFileType = image.png; name = Default.png; path = ../Default.png; sourceTree = "<group>"; };
		E2C78CB915FFA24A006601FE /* CoreLocation.framework */ = {isa = PBXFileReference; lastKnownFileType = wrapper.framework; name = CoreLocation.framework; path = System/Library/Frameworks/CoreLocation.framework; sourceTree = SDKROOT; };
/* End PBXFileReference section */

/* Begin PBXFrameworksBuildPhase section */
		E2697E9415F863BB00B6BF96 /* Frameworks */ = {
			isa = PBXFrameworksBuildPhase;
			buildActionMask = 2147483647;
			files = (
				E2C78CBA15FFA24A006601FE /* CoreLocation.framework in Frameworks */,
				E2697EBC15F8647200B6BF96 /* MapKit.framework in Frameworks */,
				E2697E9C15F863BB00B6BF96 /* UIKit.framework in Frameworks */,
				E2697E9E15F863BB00B6BF96 /* Foundation.framework in Frameworks */,
				E2697EA015F863BB00B6BF96 /* CoreGraphics.framework in Frameworks */,
			);
			runOnlyForDeploymentPostprocessing = 0;
		};
/* End PBXFrameworksBuildPhase section */

/* Begin PBXGroup section */
		E2697E8C15F863BB00B6BF96 = {
			isa = PBXGroup;
			children = (
				E2697EA115F863BB00B6BF96 /* MapARun */,
				E2697E9A15F863BB00B6BF96 /* Frameworks */,
				E2697E9815F863BB00B6BF96 /* Products */,
			);
			sourceTree = "<group>";
		};
		E2697E9815F863BB00B6BF96 /* Products */ = {
			isa = PBXGroup;
			children = (
				E2697E9715F863BB00B6BF96 /* MapARun.app */,
			);
			name = Products;
			sourceTree = "<group>";
		};
		E2697E9A15F863BB00B6BF96 /* Frameworks */ = {
			isa = PBXGroup;
			children = (
				E2C78CB915FFA24A006601FE /* CoreLocation.framework */,
				E2697EBB15F8647200B6BF96 /* MapKit.framework */,
				E2697E9B15F863BB00B6BF96 /* UIKit.framework */,
				E2697E9D15F863BB00B6BF96 /* Foundation.framework */,
				E2697E9F15F863BB00B6BF96 /* CoreGraphics.framework */,
			);
			name = Frameworks;
			sourceTree = "<group>";
		};
		E2697EA115F863BB00B6BF96 /* MapARun */ = {
			isa = PBXGroup;
			children = (
				E2697EAA15F863BB00B6BF96 /* AppDelegate.h */,
				E2697EAB15F863BB00B6BF96 /* AppDelegate.m */,
				E2697EAD15F863BB00B6BF96 /* MainStoryboard_iPhone.storyboard */,
				E2697EB315F863BB00B6BF96 /* ViewController.h */,
				E2697EB415F863BB00B6BF96 /* ViewController.m */,
				E2697EA215F863BB00B6BF96 /* Supporting Files */,
			);
			name = MapARun;
			path = ArrestsPlotter;
			sourceTree = "<group>";
		};
		E2697EA215F863BB00B6BF96 /* Supporting Files */ = {
			isa = PBXGroup;
			children = (
				E2A8222616027D69008CAF52 /* Default.png */,
				E2A8222416027CEF008CAF52 /* Default@2x.png */,
				E2697EA315F863BB00B6BF96 /* MapARun-Info.plist */,
				E2697EA415F863BB00B6BF96 /* InfoPlist.strings */,
				E2697EA715F863BB00B6BF96 /* main.m */,
				E2697EA915F863BB00B6BF96 /* MapARun-Prefix.pch */,
			);
			name = "Supporting Files";
			sourceTree = "<group>";
		};
/* End PBXGroup section */

/* Begin PBXNativeTarget section */
		E2697E9615F863BB00B6BF96 /* MapARun */ = {
			isa = PBXNativeTarget;
			buildConfigurationList = E2697EB815F863BB00B6BF96 /* Build configuration list for PBXNativeTarget "MapARun" */;
			buildPhases = (
				E2697E9315F863BB00B6BF96 /* Sources */,
				E2697E9415F863BB00B6BF96 /* Frameworks */,
				E2697E9515F863BB00B6BF96 /* Resources */,
			);
			buildRules = (
			);
			dependencies = (
			);
			name = MapARun;
			productName = ArrestsPlotter;
			productReference = E2697E9715F863BB00B6BF96 /* MapARun.app */;
			productType = "com.apple.product-type.application";
		};
/* End PBXNativeTarget section */

/* Begin PBXProject section */
		E2697E8E15F863BB00B6BF96 /* Project object */ = {
			isa = PBXProject;
			attributes = {
				LastUpgradeCheck = 0440;
				ORGANIZATIONNAME = "Henry Netzer";
			};
			buildConfigurationList = E2697E9115F863BB00B6BF96 /* Build configuration list for PBXProject "MapARun" */;
			compatibilityVersion = "Xcode 3.2";
			developmentRegion = English;
			hasScannedForEncodings = 0;
			knownRegions = (
				en,
			);
			mainGroup = E2697E8C15F863BB00B6BF96;
			productRefGroup = E2697E9815F863BB00B6BF96 /* Products */;
			projectDirPath = "";
			projectRoot = "";
			targets = (
				E2697E9615F863BB00B6BF96 /* MapARun */,
			);
		};
/* End PBXProject section */

/* Begin PBXResourcesBuildPhase section */
		E2697E9515F863BB00B6BF96 /* Resources */ = {
			isa = PBXResourcesBuildPhase;
			buildActionMask = 2147483647;
			files = (
				E2697EA615F863BB00B6BF96 /* InfoPlist.strings in Resources */,
				E2697EAF15F863BB00B6BF96 /* MainStoryboard_iPhone.storyboard in Resources */,
				E2A8222516027CEF008CAF52 /* Default@2x.png in Resources */,
				E2A8222716027D69008CAF52 /* Default.png in Resources */,
			);
			runOnlyForDeploymentPostprocessing = 0;
		};
/* End PBXResourcesBuildPhase section */

/* Begin PBXSourcesBuildPhase section */
		E2697E9315F863BB00B6BF96 /* Sources */ = {
			isa = PBXSourcesBuildPhase;
			buildActionMask = 2147483647;
			files = (
				E2697EA815F863BB00B6BF96 /* main.m in Sources */,
				E2697EAC15F863BB00B6BF96 /* AppDelegate.m in Sources */,
				E2697EB515F863BB00B6BF96 /* ViewController.m in Sources */,
			);
			runOnlyForDeploymentPostprocessing = 0;
		};
/* End PBXSourcesBuildPhase section */

/* Begin PBXVariantGroup section */
		E2697EA415F863BB00B6BF96 /* InfoPlist.strings */ = {
			isa = PBXVariantGroup;
			children = (
				E2697EA515F863BB00B6BF96 /* en */,
			);
			name = InfoPlist.strings;
			sourceTree = "<group>";
		};
		E2697EAD15F863BB00B6BF96 /* MainStoryboard_iPhone.storyboard */ = {
			isa = PBXVariantGroup;
			children = (
				E2697EAE15F863BB00B6BF96 /* en */,
			);
			name = MainStoryboard_iPhone.storyboard;
			sourceTree = "<group>";
		};
/* End PBXVariantGroup section */

/* Begin XCBuildConfiguration section */
		E2697EB615F863BB00B6BF96 /* Debug */ = {
			isa = XCBuildConfiguration;
			buildSettings = {
				ALWAYS_SEARCH_USER_PATHS = NO;
				ARCHS = (
					armv7,
					armv6,
				);
				CLANG_CXX_LANGUAGE_STANDARD = "gnu++0x";
				CLANG_ENABLE_OBJC_ARC = YES;
				CLANG_WARN__DUPLICATE_METHOD_MATCH = YES;
				CODE_SIGN_IDENTITY = "iPhone Developer: Henry Netzer (V7HBWY6UFP)";
				"CODE_SIGN_IDENTITY[sdk=iphoneos*]" = "iPhone Developer";
				COPY_PHASE_STRIP = NO;
				GCC_C_LANGUAGE_STANDARD = gnu99;
				GCC_DYNAMIC_NO_PIC = NO;
				GCC_OPTIMIZATION_LEVEL = 0;
				GCC_PREPROCESSOR_DEFINITIONS = (
					"DEBUG=1",
					"$(inherited)",
				);
				GCC_SYMBOLS_PRIVATE_EXTERN = NO;
				GCC_VERSION = com.apple.compilers.llvm.clang.1_0;
				GCC_WARN_ABOUT_RETURN_TYPE = YES;
				GCC_WARN_UNINITIALIZED_AUTOS = YES;
				GCC_WARN_UNUSED_VARIABLE = YES;
				IPHONEOS_DEPLOYMENT_TARGET = 5.1;
				PROVISIONING_PROFILE = "37A7E16F-8505-4630-9389-A278F29C7B02";
				SDKROOT = iphoneos;
				TARGETED_DEVICE_FAMILY = "1,2";
			};
			name = Debug;
		};
		E2697EB715F863BB00B6BF96 /* Release */ = {
			isa = XCBuildConfiguration;
			buildSettings = {
				ALWAYS_SEARCH_USER_PATHS = NO;
				ARCHS = (
					armv7,
					armv6,
				);
				CLANG_CXX_LANGUAGE_STANDARD = "gnu++0x";
				CLANG_ENABLE_OBJC_ARC = YES;
				CLANG_WARN__DUPLICATE_METHOD_MATCH = YES;
				"CODE_SIGN_IDENTITY[sdk=iphoneos*]" = "iPhone Distribution: Henry Netzer";
				COPY_PHASE_STRIP = YES;
				GCC_C_LANGUAGE_STANDARD = gnu99;
				GCC_VERSION = com.apple.compilers.llvm.clang.1_0;
				GCC_WARN_ABOUT_RETURN_TYPE = YES;
				GCC_WARN_UNINITIALIZED_AUTOS = YES;
				GCC_WARN_UNUSED_VARIABLE = YES;
				IPHONEOS_DEPLOYMENT_TARGET = 5.1;
				OTHER_CFLAGS = "-DNS_BLOCK_ASSERTIONS=1";
				"PROVISIONING_PROFILE[sdk=iphoneos*]" = "DD50672C-EBF0-4AA5-800D-487A3313F0B6";
				SDKROOT = iphoneos;
				SKIP_INSTALL = YES;
				TARGETED_DEVICE_FAMILY = "1,2";
				VALIDATE_PRODUCT = YES;
			};
			name = Release;
		};
		E2697EB915F863BB00B6BF96 /* Debug */ = {
			isa = XCBuildConfiguration;
			buildSettings = {
				ARCHS = (
					armv7,
					armv6,
				);
				GCC_PRECOMPILE_PREFIX_HEADER = YES;
				GCC_PREFIX_HEADER = "ArrestsPlotter/MapARun-Prefix.pch";
				INFOPLIST_FILE = "ArrestsPlotter/MapARun-Info.plist";
				PRODUCT_NAME = MapARun;
				TARGETED_DEVICE_FAMILY = 1;
				WRAPPER_EXTENSION = app;
			};
			name = Debug;
		};
		E2697EBA15F863BB00B6BF96 /* Release */ = {
			isa = XCBuildConfiguration;
			buildSettings = {
				ARCHS = (
					armv7,
					armv6,
				);
				GCC_PRECOMPILE_PREFIX_HEADER = YES;
				GCC_PREFIX_HEADER = "ArrestsPlotter/MapARun-Prefix.pch";
				INFOPLIST_FILE = "ArrestsPlotter/MapARun-Info.plist";
				PRODUCT_NAME = MapARun;
				SKIP_INSTALL = NO;
				TARGETED_DEVICE_FAMILY = 1;
				WRAPPER_EXTENSION = app;
			};
			name = Release;
		};
/* End XCBuildConfiguration section */

/* Begin XCConfigurationList section */
		E2697E9115F863BB00B6BF96 /* Build configuration list for PBXProject "MapARun" */ = {
			isa = XCConfigurationList;
			buildConfigurations = (
				E2697EB615F863BB00B6BF96 /* Debug */,
				E2697EB715F863BB00B6BF96 /* Release */,
			);
			defaultConfigurationIsVisible = 0;
			defaultConfigurationName = Release;
		};
		E2697EB815F863BB00B6BF96 /* Build configuration list for PBXNativeTarget "MapARun" */ = {
			isa = XCConfigurationList;
			buildConfigurations = (
				E2697EB915F863BB00B6BF96 /* Debug */,
				E2697EBA15F863BB00B6BF96 /* Release */,
			);
			defaultConfigurationIsVisible = 0;
			defaultConfigurationName = Release;
		};
/* End XCConfigurationList section */
	};
	rootObject = E2697E8E15F863BB00B6BF96 /* Project object */;
}
